// !$*UTF8*$!
{
	archiveVersion = 1;
	classes = {
	};
	objectVersion = 50;
	objects = {

/* Begin PBXBuildFile section */
		184E0EEB22B2BBC10075275E /* AppDelegate.swift in Sources */ = {isa = PBXBuildFile; fileRef = 184E0EEA22B2BBC10075275E /* AppDelegate.swift */; };
		184E0EED22B2BBC10075275E /* ViewController.swift in Sources */ = {isa = PBXBuildFile; fileRef = 184E0EEC22B2BBC10075275E /* ViewController.swift */; };
		184E0EF022B2BBC10075275E /* Main.storyboard in Resources */ = {isa = PBXBuildFile; fileRef = 184E0EEE22B2BBC10075275E /* Main.storyboard */; };
		184E0EF222B2BBC10075275E /* Assets.xcassets in Resources */ = {isa = PBXBuildFile; fileRef = 184E0EF122B2BBC10075275E /* Assets.xcassets */; };
		184E0EF522B2BBC10075275E /* LaunchScreen.storyboard in Resources */ = {isa = PBXBuildFile; fileRef = 184E0EF322B2BBC10075275E /* LaunchScreen.storyboard */; };
		184E0F0022B2BBC10075275E /* SampleTests.swift in Sources */ = {isa = PBXBuildFile; fileRef = 184E0EFF22B2BBC10075275E /* SampleTests.swift */; };
		184E0F0B22B2BBC10075275E /* SampleUITests.swift in Sources */ = {isa = PBXBuildFile; fileRef = 184E0F0A22B2BBC10075275E /* SampleUITests.swift */; };
/* End PBXBuildFile section */

/* Begin PBXContainerItemProxy section */
		184E0EFC22B2BBC10075275E /* PBXContainerItemProxy */ = {
			isa = PBXContainerItemProxy;
			containerPortal = 184E0EDF22B2BBC10075275E /* Project object */;
			proxyType = 1;
			remoteGlobalIDString = 184E0EE622B2BBC10075275E;
			remoteInfo = Sample;
		};
		184E0F0722B2BBC10075275E /* PBXContainerItemProxy */ = {
			isa = PBXContainerItemProxy;
			containerPortal = 184E0EDF22B2BBC10075275E /* Project object */;
			proxyType = 1;
			remoteGlobalIDString = 184E0EE622B2BBC10075275E;
			remoteInfo = Sample;
		};
/* End PBXContainerItemProxy section */

/* Begin PBXFileReference section */
		184E0EE722B2BBC10075275E /* Sample.app */ = {isa = PBXFileReference; explicitFileType = wrapper.application; includeInIndex = 0; path = Sample.app; sourceTree = BUILT_PRODUCTS_DIR; };
		184E0EEA22B2BBC10075275E /* AppDelegate.swift */ = {isa = PBXFileReference; lastKnownFileType = sourcecode.swift; path = AppDelegate.swift; sourceTree = "<group>"; };
		184E0EEC22B2BBC10075275E /* ViewController.swift */ = {isa = PBXFileReference; lastKnownFileType = sourcecode.swift; path = ViewController.swift; sourceTree = "<group>"; };
		184E0EEF22B2BBC10075275E /* Base */ = {isa = PBXFileReference; lastKnownFileType = file.storyboard; name = Base; path = Base.lproj/Main.storyboard; sourceTree = "<group>"; };
		184E0EF122B2BBC10075275E /* Assets.xcassets */ = {isa = PBXFileReference; lastKnownFileType = folder.assetcatalog; path = Assets.xcassets; sourceTree = "<group>"; };
		184E0EF422B2BBC10075275E /* Base */ = {isa = PBXFileReference; lastKnownFileType = file.storyboard; name = Base; path = Base.lproj/LaunchScreen.storyboard; sourceTree = "<group>"; };
		184E0EF622B2BBC10075275E /* Info.plist */ = {isa = PBXFileReference; lastKnownFileType = text.plist.xml; path = Info.plist; sourceTree = "<group>"; };
		184E0EFB22B2BBC10075275E /* SampleTests.xctest */ = {isa = PBXFileReference; explicitFileType = wrapper.cfbundle; includeInIndex = 0; path = SampleTests.xctest; sourceTree = BUILT_PRODUCTS_DIR; };
		184E0EFF22B2BBC10075275E /* SampleTests.swift */ = {isa = PBXFileReference; lastKnownFileType = sourcecode.swift; path = SampleTests.swift; sourceTree = "<group>"; };
		184E0F0122B2BBC10075275E /* Info.plist */ = {isa = PBXFileReference; lastKnownFileType = text.plist.xml; path = Info.plist; sourceTree = "<group>"; };
		184E0F0622B2BBC10075275E /* SampleUITests.xctest */ = {isa = PBXFileReference; explicitFileType = wrapper.cfbundle; includeInIndex = 0; path = SampleUITests.xctest; sourceTree = BUILT_PRODUCTS_DIR; };
		184E0F0A22B2BBC10075275E /* SampleUITests.swift */ = {isa = PBXFileReference; lastKnownFileType = sourcecode.swift; path = SampleUITests.swift; sourceTree = "<group>"; };
		184E0F0C22B2BBC10075275E /* Info.plist */ = {isa = PBXFileReference; lastKnownFileType = text.plist.xml; path = Info.plist; sourceTree = "<group>"; };
/* End PBXFileReference section */

/* Begin PBXFrameworksBuildPhase section */
		184E0EE422B2BBC10075275E /* Frameworks */ = {
			isa = PBXFrameworksBuildPhase;
			buildActionMask = 2147483647;
			files = (
			);
			runOnlyForDeploymentPostprocessing = 0;
		};
		184E0EF822B2BBC10075275E /* Frameworks */ = {
			isa = PBXFrameworksBuildPhase;
			buildActionMask = 2147483647;
			files = (
			);
			runOnlyForDeploymentPostprocessing = 0;
		};
		184E0F0322B2BBC10075275E /* Frameworks */ = {
			isa = PBXFrameworksBuildPhase;
			buildActionMask = 2147483647;
			files = (
			);
			runOnlyForDeploymentPostprocessing = 0;
		};
/* End PBXFrameworksBuildPhase section */

/* Begin PBXGroup section */
		184E0EDE22B2BBC10075275E = {
			isa = PBXGroup;
			children = (
				184E0EE922B2BBC10075275E /* Sample */,
				184E0EFE22B2BBC10075275E /* SampleTests */,
				184E0F0922B2BBC10075275E /* SampleUITests */,
				184E0EE822B2BBC10075275E /* Products */,
			);
			sourceTree = "<group>";
		};
		184E0EE822B2BBC10075275E /* Products */ = {
			isa = PBXGroup;
			children = (
				184E0EE722B2BBC10075275E /* Sample.app */,
				184E0EFB22B2BBC10075275E /* SampleTests.xctest */,
				184E0F0622B2BBC10075275E /* SampleUITests.xctest */,
			);
			name = Products;
			sourceTree = "<group>";
		};
		184E0EE922B2BBC10075275E /* Sample */ = {
			isa = PBXGroup;
			children = (
				184E0EEA22B2BBC10075275E /* AppDelegate.swift */,
				184E0EEC22B2BBC10075275E /* ViewController.swift */,
				184E0EEE22B2BBC10075275E /* Main.storyboard */,
				184E0EF122B2BBC10075275E /* Assets.xcassets */,
				184E0EF322B2BBC10075275E /* LaunchScreen.storyboard */,
				184E0EF622B2BBC10075275E /* Info.plist */,
			);
			path = Sample;
			sourceTree = "<group>";
		};
		184E0EFE22B2BBC10075275E /* SampleTests */ = {
			isa = PBXGroup;
			children = (
				184E0EFF22B2BBC10075275E /* SampleTests.swift */,
				184E0F0122B2BBC10075275E /* Info.plist */,
			);
			path = SampleTests;
			sourceTree = "<group>";
		};
		184E0F0922B2BBC10075275E /* SampleUITests */ = {
			isa = PBXGroup;
			children = (
				184E0F0A22B2BBC10075275E /* SampleUITests.swift */,
				184E0F0C22B2BBC10075275E /* Info.plist */,
			);
			path = SampleUITests;
			sourceTree = "<group>";
		};
/* End PBXGroup section */

/* Begin PBXNativeTarget section */
		184E0EE622B2BBC10075275E /* Sample */ = {
			isa = PBXNativeTarget;
			buildConfigurationList = 184E0F0F22B2BBC10075275E /* Build configuration list for PBXNativeTarget "Sample" */;
			buildPhases = (
				184E0EE322B2BBC10075275E /* Sources */,
				184E0EE422B2BBC10075275E /* Frameworks */,
				184E0EE522B2BBC10075275E /* Resources */,
			);
			buildRules = (
			);
			dependencies = (
			);
			name = Sample;
			productName = Sample;
			productReference = 184E0EE722B2BBC10075275E /* Sample.app */;
			productType = "com.apple.product-type.application";
		};
		184E0EFA22B2BBC10075275E /* SampleTests */ = {
			isa = PBXNativeTarget;
			buildConfigurationList = 184E0F1222B2BBC10075275E /* Build configuration list for PBXNativeTarget "SampleTests" */;
			buildPhases = (
				184E0EF722B2BBC10075275E /* Sources */,
				184E0EF822B2BBC10075275E /* Frameworks */,
				184E0EF922B2BBC10075275E /* Resources */,
			);
			buildRules = (
			);
			dependencies = (
				184E0EFD22B2BBC10075275E /* PBXTargetDependency */,
			);
			name = SampleTests;
			productName = SampleTests;
			productReference = 184E0EFB22B2BBC10075275E /* SampleTests.xctest */;
			productType = "com.apple.product-type.bundle.unit-test";
		};
		184E0F0522B2BBC10075275E /* SampleUITests */ = {
			isa = PBXNativeTarget;
			buildConfigurationList = 184E0F1522B2BBC10075275E /* Build configuration list for PBXNativeTarget "SampleUITests" */;
			buildPhases = (
				184E0F0222B2BBC10075275E /* Sources */,
				184E0F0322B2BBC10075275E /* Frameworks */,
				184E0F0422B2BBC10075275E /* Resources */,
			);
			buildRules = (
			);
			dependencies = (
				184E0F0822B2BBC10075275E /* PBXTargetDependency */,
			);
			name = SampleUITests;
			productName = SampleUITests;
			productReference = 184E0F0622B2BBC10075275E /* SampleUITests.xctest */;
			productType = "com.apple.product-type.bundle.ui-testing";
		};
/* End PBXNativeTarget section */

/* Begin PBXProject section */
		184E0EDF22B2BBC10075275E /* Project object */ = {
			isa = PBXProject;
			attributes = {
				LastSwiftUpdateCheck = 1020;
				LastUpgradeCheck = 1020;
				ORGANIZATIONNAME = Dinesh;
				TargetAttributes = {
					184E0EE622B2BBC10075275E = {
						CreatedOnToolsVersion = 10.2.1;
					};
					184E0EFA22B2BBC10075275E = {
						CreatedOnToolsVersion = 10.2.1;
						TestTargetID = 184E0EE622B2BBC10075275E;
					};
					184E0F0522B2BBC10075275E = {
						CreatedOnToolsVersion = 10.2.1;
						TestTargetID = 184E0EE622B2BBC10075275E;
					};
				};
			};
			buildConfigurationList = 184E0EE222B2BBC10075275E /* Build configuration list for PBXProject "Sample" */;
			compatibilityVersion = "Xcode 9.3";
			developmentRegion = en;
			hasScannedForEncodings = 0;
			knownRegions = (
				en,
				Base,
			);
			mainGroup = 184E0EDE22B2BBC10075275E;
			productRefGroup = 184E0EE822B2BBC10075275E /* Products */;
			projectDirPath = "";
			projectRoot = "";
			targets = (
				184E0EE622B2BBC10075275E /* Sample */,
				184E0EFA22B2BBC10075275E /* SampleTests */,
				184E0F0522B2BBC10075275E /* SampleUITests */,
			);
		};
/* End PBXProject section */

/* Begin PBXResourcesBuildPhase section */
		184E0EE522B2BBC10075275E /* Resources */ = {
			isa = PBXResourcesBuildPhase;
			buildActionMask = 2147483647;
			files = (
				184E0EF522B2BBC10075275E /* LaunchScreen.storyboard in Resources */,
				184E0EF222B2BBC10075275E /* Assets.xcassets in Resources */,
				184E0EF022B2BBC10075275E /* Main.storyboard in Resources */,
			);
			runOnlyForDeploymentPostprocessing = 0;
		};
		184E0EF922B2BBC10075275E /* Resources */ = {
			isa = PBXResourcesBuildPhase;
			buildActionMask = 2147483647;
			files = (
			);
			runOnlyForDeploymentPostprocessing = 0;
		};
		184E0F0422B2BBC10075275E /* Resources */ = {
			isa = PBXResourcesBuildPhase;
			buildActionMask = 2147483647;
			files = (
			);
			runOnlyForDeploymentPostprocessing = 0;
		};
/* End PBXResourcesBuildPhase section */

/* Begin PBXSourcesBuildPhase section */
		184E0EE322B2BBC10075275E /* Sources */ = {
			isa = PBXSourcesBuildPhase;
			buildActionMask = 2147483647;
			files = (
				184E0EED22B2BBC10075275E /* ViewController.swift in Sources */,
				184E0EEB22B2BBC10075275E /* AppDelegate.swift in Sources */,
			);
			runOnlyForDeploymentPostprocessing = 0;
		};
		184E0EF722B2BBC10075275E /* Sources */ = {
			isa = PBXSourcesBuildPhase;
			buildActionMask = 2147483647;
			files = (
				184E0F0022B2BBC10075275E /* SampleTests.swift in Sources */,
			);
			runOnlyForDeploymentPostprocessing = 0;
		};
		184E0F0222B2BBC10075275E /* Sources */ = {
			isa = PBXSourcesBuildPhase;
			buildActionMask = 2147483647;
			files = (
				184E0F0B22B2BBC10075275E /* SampleUITests.swift in Sources */,
			);
			runOnlyForDeploymentPostprocessing = 0;
		};
/* End PBXSourcesBuildPhase section */

/* Begin PBXTargetDependency section */
		184E0EFD22B2BBC10075275E /* PBXTargetDependency */ = {
			isa = PBXTargetDependency;
			target = 184E0EE622B2BBC10075275E /* Sample */;
			targetProxy = 184E0EFC22B2BBC10075275E /* PBXContainerItemProxy */;
		};
		184E0F0822B2BBC10075275E /* PBXTargetDependency */ = {
			isa = PBXTargetDependency;
			target = 184E0EE622B2BBC10075275E /* Sample */;
			targetProxy = 184E0F0722B2BBC10075275E /* PBXContainerItemProxy */;
		};
/* End PBXTargetDependency section */

/* Begin PBXVariantGroup section */
		184E0EEE22B2BBC10075275E /* Main.storyboard */ = {
			isa = PBXVariantGroup;
			children = (
				184E0EEF22B2BBC10075275E /* Base */,
			);
			name = Main.storyboard;
			sourceTree = "<group>";
		};
		184E0EF322B2BBC10075275E /* LaunchScreen.storyboard */ = {
			isa = PBXVariantGroup;
			children = (
				184E0EF422B2BBC10075275E /* Base */,
			);
			name = LaunchScreen.storyboard;
			sourceTree = "<group>";
		};
/* End PBXVariantGroup section */

/* Begin XCBuildConfiguration section */
		184E0F0D22B2BBC10075275E /* Debug */ = {
			isa = XCBuildConfiguration;
			buildSettings = {
				ALWAYS_SEARCH_USER_PATHS = NO;
				CLANG_ANALYZER_NONNULL = YES;
				CLANG_ANALYZER_NUMBER_OBJECT_CONVERSION = YES_AGGRESSIVE;
				CLANG_CXX_LANGUAGE_STANDARD = "gnu++14";
				CLANG_CXX_LIBRARY = "libc++";
				CLANG_ENABLE_MODULES = YES;
				CLANG_ENABLE_OBJC_ARC = YES;
				CLANG_ENABLE_OBJC_WEAK = YES;
				CLANG_WARN_BLOCK_CAPTURE_AUTORELEASING = YES;
				CLANG_WARN_BOOL_CONVERSION = YES;
				CLANG_WARN_COMMA = YES;
				CLANG_WARN_CONSTANT_CONVERSION = YES;
				CLANG_WARN_DEPRECATED_OBJC_IMPLEMENTATIONS = YES;
				CLANG_WARN_DIRECT_OBJC_ISA_USAGE = YES_ERROR;
				CLANG_WARN_DOCUMENTATION_COMMENTS = YES;
				CLANG_WARN_EMPTY_BODY = YES;
				CLANG_WARN_ENUM_CONVERSION = YES;
				CLANG_WARN_INFINITE_RECURSION = YES;
				CLANG_WARN_INT_CONVERSION = YES;
				CLANG_WARN_NON_LITERAL_NULL_CONVERSION = YES;
				CLANG_WARN_OBJC_IMPLICIT_RETAIN_SELF = YES;
				CLANG_WARN_OBJC_LITERAL_CONVERSION = YES;
				CLANG_WARN_OBJC_ROOT_CLASS = YES_ERROR;
				CLANG_WARN_RANGE_LOOP_ANALYSIS = YES;
				CLANG_WARN_STRICT_PROTOTYPES = YES;
				CLANG_WARN_SUSPICIOUS_MOVE = YES;
				CLANG_WARN_UNGUARDED_AVAILABILITY = YES_AGGRESSIVE;
				CLANG_WARN_UNREACHABLE_CODE = YES;
				CLANG_WARN__DUPLICATE_METHOD_MATCH = YES;
				CODE_SIGN_IDENTITY = "iPhone Developer";
				COPY_PHASE_STRIP = NO;
				DEBUG_INFORMATION_FORMAT = dwarf;
				ENABLE_STRICT_OBJC_MSGSEND = YES;
				ENABLE_TESTABILITY = YES;
				GCC_C_LANGUAGE_STANDARD = gnu11;
				GCC_DYNAMIC_NO_PIC = NO;
				GCC_NO_COMMON_BLOCKS = YES;
				GCC_OPTIMIZATION_LEVEL = 0;
				GCC_PREPROCESSOR_DEFINITIONS = (
					"DEBUG=1",
					"$(inherited)",
				);
				GCC_WARN_64_TO_32_BIT_CONVERSION = YES;
				GCC_WARN_ABOUT_RETURN_TYPE = YES_ERROR;
				GCC_WARN_UNDECLARED_SELECTOR = YES;
				GCC_WARN_UNINITIALIZED_AUTOS = YES_AGGRESSIVE;
				GCC_WARN_UNUSED_FUNCTION = YES;
				GCC_WARN_UNUSED_VARIABLE = YES;
				IPHONEOS_DEPLOYMENT_TARGET = 12.2;
				MTL_ENABLE_DEBUG_INFO = INCLUDE_SOURCE;
				MTL_FAST_MATH = YES;
				ONLY_ACTIVE_ARCH = YES;
				SDKROOT = iphoneos;
				SWIFT_ACTIVE_COMPILATION_CONDITIONS = DEBUG;
				SWIFT_OPTIMIZATION_LEVEL = "-Onone";
			};
			name = Debug;
		};
		184E0F0E22B2BBC10075275E /* Release */ = {
			isa = XCBuildConfiguration;
			buildSettings = {
				ALWAYS_SEARCH_USER_PATHS = NO;
				CLANG_ANALYZER_NONNULL = YES;
				CLANG_ANALYZER_NUMBER_OBJECT_CONVERSION = YES_AGGRESSIVE;
				CLANG_CXX_LANGUAGE_STANDARD = "gnu++14";
				CLANG_CXX_LIBRARY = "libc++";
				CLANG_ENABLE_MODULES = YES;
				CLANG_ENABLE_OBJC_ARC = YES;
				CLANG_ENABLE_OBJC_WEAK = YES;
				CLANG_WARN_BLOCK_CAPTURE_AUTORELEASING = YES;
				CLANG_WARN_BOOL_CONVERSION = YES;
				CLANG_WARN_COMMA = YES;
				CLANG_WARN_CONSTANT_CONVERSION = YES;
				CLANG_WARN_DEPRECATED_OBJC_IMPLEMENTATIONS = YES;
				CLANG_WARN_DIRECT_OBJC_ISA_USAGE = YES_ERROR;
				CLANG_WARN_DOCUMENTATION_COMMENTS = YES;
				CLANG_WARN_EMPTY_BODY = YES;
				CLANG_WARN_ENUM_CONVERSION = YES;
				CLANG_WARN_INFINITE_RECURSION = YES;
				CLANG_WARN_INT_CONVERSION = YES;
				CLANG_WARN_NON_LITERAL_NULL_CONVERSION = YES;
				CLANG_WARN_OBJC_IMPLICIT_RETAIN_SELF = YES;
				CLANG_WARN_OBJC_LITERAL_CONVERSION = YES;
				CLANG_WARN_OBJC_ROOT_CLASS = YES_ERROR;
				CLANG_WARN_RANGE_LOOP_ANALYSIS = YES;
				CLANG_WARN_STRICT_PROTOTYPES = YES;
				CLANG_WARN_SUSPICIOUS_MOVE = YES;
				CLANG_WARN_UNGUARDED_AVAILABILITY = YES_AGGRESSIVE;
				CLANG_WARN_UNREACHABLE_CODE = YES;
				CLANG_WARN__DUPLICATE_METHOD_MATCH = YES;
				CODE_SIGN_IDENTITY = "iPhone Developer";
				COPY_PHASE_STRIP = NO;
				DEBUG_INFORMATION_FORMAT = "dwarf-with-dsym";
				ENABLE_NS_ASSERTIONS = NO;
				ENABLE_STRICT_OBJC_MSGSEND = YES;
				GCC_C_LANGUAGE_STANDARD = gnu11;
				GCC_NO_COMMON_BLOCKS = YES;
				GCC_WARN_64_TO_32_BIT_CONVERSION = YES;
				GCC_WARN_ABOUT_RETURN_TYPE = YES_ERROR;
				GCC_WARN_UNDECLARED_SELECTOR = YES;
				GCC_WARN_UNINITIALIZED_AUTOS = YES_AGGRESSIVE;
				GCC_WARN_UNUSED_FUNCTION = YES;
				GCC_WARN_UNUSED_VARIABLE = YES;
				IPHONEOS_DEPLOYMENT_TARGET = 12.2;
				MTL_ENABLE_DEBUG_INFO = NO;
				MTL_FAST_MATH = YES;
				SDKROOT = iphoneos;
				SWIFT_COMPILATION_MODE = wholemodule;
				SWIFT_OPTIMIZATION_LEVEL = "-O";
				VALIDATE_PRODUCT = YES;
			};
			name = Release;
		};
		184E0F1022B2BBC10075275E /* Debug */ = {
			isa = XCBuildConfiguration;
			buildSettings = {
				ASSETCATALOG_COMPILER_APPICON_NAME = AppIcon;
				CODE_SIGN_STYLE = Automatic;
				INFOPLIST_FILE = Sample/Info.plist;
				LD_RUNPATH_SEARCH_PATHS = (
					"$(inherited)",
					"@executable_path/Frameworks",
				);
				PRODUCT_BUNDLE_IDENTIFIER = AmnSoft.Sample;
				PRODUCT_NAME = "$(TARGET_NAME)";
				SWIFT_VERSION = 5.0;
				TARGETED_DEVICE_FAMILY = "1,2";
			};
			name = Debug;
		};
		184E0F1122B2BBC10075275E /* Release */ = {
			isa = XCBuildConfiguration;
			buildSettings = {
				ASSETCATALOG_COMPILER_APPICON_NAME = AppIcon;
				CODE_SIGN_STYLE = Automatic;
				INFOPLIST_FILE = Sample/Info.plist;
				LD_RUNPATH_SEARCH_PATHS = (
					"$(inherited)",
					"@executable_path/Frameworks",
				);
				PRODUCT_BUNDLE_IDENTIFIER = AmnSoft.Sample;
				PRODUCT_NAME = "$(TARGET_NAME)";
				SWIFT_VERSION = 5.0;
				TARGETED_DEVICE_FAMILY = "1,2";
			};
			name = Release;
		};
		184E0F1322B2BBC10075275E /* Debug */ = {
			isa = XCBuildConfiguration;
			buildSettings = {
				ALWAYS_EMBED_SWIFT_STANDARD_LIBRARIES = YES;
				BUNDLE_LOADER = "$(TEST_HOST)";
				CODE_SIGN_STYLE = Automatic;
				INFOPLIST_FILE = SampleTests/Info.plist;
				LD_RUNPATH_SEARCH_PATHS = (
					"$(inherited)",
					"@executable_path/Frameworks",
					"@loader_path/Frameworks",
				);
				PRODUCT_BUNDLE_IDENTIFIER = AmnSoft.SampleTests;
				PRODUCT_NAME = "$(TARGET_NAME)";
				SWIFT_VERSION = 5.0;
				TARGETED_DEVICE_FAMILY = "1,2";
				TEST_HOST = "$(BUILT_PRODUCTS_DIR)/Sample.app/Sample";
			};
			name = Debug;
		};
		184E0F1422B2BBC10075275E /* Release */ = {
			isa = XCBuildConfiguration;
			buildSettings = {
				ALWAYS_EMBED_SWIFT_STANDARD_LIBRARIES = YES;
				BUNDLE_LOADER = "$(TEST_HOST)";
				CODE_SIGN_STYLE = Automatic;
				INFOPLIST_FILE = SampleTests/Info.plist;
				LD_RUNPATH_SEARCH_PATHS = (
					"$(inherited)",
					"@executable_path/Frameworks",
					"@loader_path/Frameworks",
				);
				PRODUCT_BUNDLE_IDENTIFIER = AmnSoft.SampleTests;
				PRODUCT_NAME = "$(TARGET_NAME)";
				SWIFT_VERSION = 5.0;
				TARGETED_DEVICE_FAMILY = "1,2";
				TEST_HOST = "$(BUILT_PRODUCTS_DIR)/Sample.app/Sample";
			};
			name = Release;
		};
		184E0F1622B2BBC10075275E /* Debug */ = {
			isa = XCBuildConfiguration;
			buildSettings = {
				ALWAYS_EMBED_SWIFT_STANDARD_LIBRARIES = YES;
				CODE_SIGN_STYLE = Automatic;
				INFOPLIST_FILE = SampleUITests/Info.plist;
				LD_RUNPATH_SEARCH_PATHS = (
					"$(inherited)",
					"@executable_path/Frameworks",
					"@loader_path/Frameworks",
				);
				PRODUCT_BUNDLE_IDENTIFIER = AmnSoft.SampleUITests;
				PRODUCT_NAME = "$(TARGET_NAME)";
				SWIFT_VERSION = 5.0;
				TARGETED_DEVICE_FAMILY = "1,2";
				TEST_TARGET_NAME = Sample;
			};
			name = Debug;
		};
		184E0F1722B2BBC10075275E /* Release */ = {
			isa = XCBuildConfiguration;
			buildSettings = {
				ALWAYS_EMBED_SWIFT_STANDARD_LIBRARIES = YES;
				CODE_SIGN_STYLE = Automatic;
				INFOPLIST_FILE = SampleUITests/Info.plist;
				LD_RUNPATH_SEARCH_PATHS = (
					"$(inherited)",
					"@executable_path/Frameworks",
					"@loader_path/Frameworks",
				);
				PRODUCT_BUNDLE_IDENTIFIER = AmnSoft.SampleUITests;
				PRODUCT_NAME = "$(TARGET_NAME)";
				SWIFT_VERSION = 5.0;
				TARGETED_DEVICE_FAMILY = "1,2";
				TEST_TARGET_NAME = Sample;
			};
			name = Release;
		};
/* End XCBuildConfiguration section */

/* Begin XCConfigurationList section */
		184E0EE222B2BBC10075275E /* Build configuration list for PBXProject "Sample" */ = {
			isa = XCConfigurationList;
			buildConfigurations = (
				184E0F0D22B2BBC10075275E /* Debug */,
				184E0F0E22B2BBC10075275E /* Release */,
			);
			defaultConfigurationIsVisible = 0;
			defaultConfigurationName = Release;
		};
		184E0F0F22B2BBC10075275E /* Build configuration list for PBXNativeTarget "Sample" */ = {
			isa = XCConfigurationList;
			buildConfigurations = (
				184E0F1022B2BBC10075275E /* Debug */,
				184E0F1122B2BBC10075275E /* Release */,
			);
			defaultConfigurationIsVisible = 0;
			defaultConfigurationName = Release;
		};
		184E0F1222B2BBC10075275E /* Build configuration list for PBXNativeTarget "SampleTests" */ = {
			isa = XCConfigurationList;
			buildConfigurations = (
				184E0F1322B2BBC10075275E /* Debug */,
				184E0F1422B2BBC10075275E /* Release */,
			);
			defaultConfigurationIsVisible = 0;
			defaultConfigurationName = Release;
		};
		184E0F1522B2BBC10075275E /* Build configuration list for PBXNativeTarget "SampleUITests" */ = {
			isa = XCConfigurationList;
			buildConfigurations = (
				184E0F1622B2BBC10075275E /* Debug */,
				184E0F1722B2BBC10075275E /* Release */,
			);
			defaultConfigurationIsVisible = 0;
			defaultConfigurationName = Release;
		};
/* End XCConfigurationList section */
	};
	rootObject = 184E0EDF22B2BBC10075275E /* Project object */;
}
